
Microsoft Visual Studio Solution File, Format Version 12.00
# Visual Studio 15
VisualStudioVersion = 15.0.28307.902
MinimumVisualStudioVersion = 10.0.40219.1
Project("{888888A0-9F3D-457C-B088-3A5042F75D52}") = "TestServer", "TestServer\TestServer.pyproj", "{9676FD87-63B0-4E23-9D11-0944BD87F699}"
EndProject
Global
	GlobalSection(SolutionConfigurationPlatforms) = preSolution
		Debug|Any CPU = Debug|Any CPU
		Release|Any CPU = Release|Any CPU
	EndGlobalSection
	GlobalSection(ProjectConfigurationPlatforms) = postSolution
		{9676FD87-63B0-4E23-9D11-0944BD87F699}.Debug|Any CPU.ActiveCfg = Debug|Any CPU
		{9676FD87-63B0-4E23-9D11-0944BD87F699}.Release|Any CPU.ActiveCfg = Release|Any CPU
	EndGlobalSection
	GlobalSection(SolutionProperties) = preSolution
		HideSolutionNode = FALSE
	EndGlobalSection
	GlobalSection(ExtensibilityGlobals) = postSolution
		SolutionGuid = {B844F155-0EFD-48ED-9060-B4EC3A92F710}
	EndGlobalSection
EndGlobal
